
Microsoft Visual Studio Solution File, Format Version 12.00
# Visual Studio 2012
Project("{FAE04EC0-301F-11D3-BF4B-00C04F79EFBC}") = "WebPrint", "WebPrint.csproj", "{C4E3F508-A0EF-45F7-A3A0-DCCA918D352C}"
EndProject
Global
	GlobalSection(SolutionConfigurationPlatforms) = preSolution
		Debug|Any CPU = Debug|Any CPU
		Release|Any CPU = Release|Any CPU
	EndGlobalSection
	GlobalSection(ProjectConfigurationPlatforms) = postSolution
		{C4E3F508-A0EF-45F7-A3A0-DCCA918D352C}.Debug|Any CPU.ActiveCfg = Debug|Any CPU
		{C4E3F508-A0EF-45F7-A3A0-DCCA918D352C}.Debug|Any CPU.Build.0 = Debug|Any CPU
		{C4E3F508-A0EF-45F7-A3A0-DCCA918D352C}.Release|Any CPU.ActiveCfg = Release|Any CPU
		{C4E3F508-A0EF-45F7-A3A0-DCCA918D352C}.Release|Any CPU.Build.0 = Release|Any CPU
	EndGlobalSection
	GlobalSection(SolutionProperties) = preSolution
		HideSolutionNode = FALSE
	EndGlobalSection
EndGlobal
